
Microsoft Visual Studio Solution File, Format Version 12.00
# Visual Studio 15
VisualStudioVersion = 15.0.28307.438
MinimumVisualStudioVersion = 10.0.40219.1
Project("{FAE04EC0-301F-11D3-BF4B-00C04F79EFBC}") = "PapasPapbar_3", "PapasPapbar_3\PapasPapbar_3.csproj", "{8169A517-2393-4A42-BEAF-9FF711522CED}"
EndProject
Global
	GlobalSection(SolutionConfigurationPlatforms) = preSolution
		Debug|Any CPU = Debug|Any CPU
		Release|Any CPU = Release|Any CPU
	EndGlobalSection
	GlobalSection(ProjectConfigurationPlatforms) = postSolution
		{8169A517-2393-4A42-BEAF-9FF711522CED}.Debug|Any CPU.ActiveCfg = Debug|Any CPU
		{8169A517-2393-4A42-BEAF-9FF711522CED}.Debug|Any CPU.Build.0 = Debug|Any CPU
		{8169A517-2393-4A42-BEAF-9FF711522CED}.Release|Any CPU.ActiveCfg = Release|Any CPU
		{8169A517-2393-4A42-BEAF-9FF711522CED}.Release|Any CPU.Build.0 = Release|Any CPU
	EndGlobalSection
	GlobalSection(SolutionProperties) = preSolution
		HideSolutionNode = FALSE
	EndGlobalSection
	GlobalSection(ExtensibilityGlobals) = postSolution
		SolutionGuid = {07E0B061-C41A-42DF-9176-5DA490F8C080}
	EndGlobalSection
EndGlobal
